// !$*UTF8*$!
{
	archiveVersion = 1;
	classes = {
	};
	objectVersion = 77;
	objects = {

/* Begin PBXContainerItemProxy section */
		EB30339C3027FE6000C38F2F /* PBXContainerItemProxy */ = {
			isa = PBXContainerItemProxy;
			containerPortal = EB3033863027FE5F00C38F2F /* Project object */;
			proxyType = 1;
			remoteGlobalIDString = EB30338D3027FE5F00C38F2F;
			remoteInfo = TaskTrackerApp;
		};
		EB3033A63027FE6000C38F2F /* PBXContainerItemProxy */ = {
			isa = PBXContainerItemProxy;
			containerPortal = EB3033863027FE5F00C38F2F /* Project object */;
			proxyType = 1;
			remoteGlobalIDString = EB30338D3027FE5F00C38F2F;
			remoteInfo = TaskTrackerApp;
		};
/* End PBXContainerItemProxy section */

/* Begin PBXFileReference section */
		EB30338E3027FE5F00C38F2F /* TaskTrackerApp.app */ = {isa = PBXFileReference; explicitFileType = wrapper.application; includeInIndex = 0; path = TaskTrackerApp.app; sourceTree = BUILT_PRODUCTS_DIR; };
		EB30339B3027FE6000C38F2F /* TaskTrackerAppTests.xctest */ = {isa = PBXFileReference; explicitFileType = wrapper.cfbundle; includeInIndex = 0; path = TaskTrackerAppTests.xctest; sourceTree = BUILT_PRODUCTS_DIR; };
		EB3033A53027FE6000C38F2F /* TaskTrackerAppUITests.xctest */ = {isa = PBXFileReference; explicitFileType = wrapper.cfbundle; includeInIndex = 0; path = TaskTrackerAppUITests.xctest; sourceTree = BUILT_PRODUCTS_DIR; };
/* End PBXFileReference section */

/* Begin PBXFileSystemSynchronizedRootGroup section */
		EB3033903027FE5F00C38F2F /* TaskTrackerApp */ = {
			isa = PBXFileSystemSynchronizedRootGroup;
			path = TaskTrackerApp;
			sourceTree = "<group>";
		};
		EB30339E3027FE6000C38F2F /* TaskTrackerAppTests */ = {
			isa = PBXFileSystemSynchronizedRootGroup;
			path = TaskTrackerAppTests;
			sourceTree = "<group>";
		};
		EB3033A83027FE6000C38F2F /* TaskTrackerAppUITests */ = {
			isa = PBXFileSystemSynchronizedRootGroup;
			path = TaskTrackerAppUITests;
			sourceTree = "<group>";
		};
/* End PBXFileSystemSynchronizedRootGroup section */

/* Begin PBXFrameworksBuildPhase section */
		EB30338B3027FE5F00C38F2F /* Frameworks */ = {
			isa = PBXFrameworksBuildPhase;
			buildActionMask = 2147483647;
			files = (
			);
			runOnlyForDeploymentPostprocessing = 0;
		};
		EB3033983027FE6000C38F2F /* Frameworks */ = {
			isa = PBXFrameworksBuildPhase;
			buildActionMask = 2147483647;
			files = (
			);
			runOnlyForDeploymentPostprocessing = 0;
		};
		EB3033A23027FE6000C38F2F /* Frameworks */ = {
			isa = PBXFrameworksBuildPhase;
			buildActionMask = 2147483647;
			files = (
			);
			runOnlyForDeploymentPostprocessing = 0;
		};
/* End PBXFrameworksBuildPhase section */

/* Begin PBXGroup section */
		EB3033853027FE5F00C38F2F = {
			isa = PBXGroup;
			children = (
				EB3033903027FE5F00C38F2F /* TaskTrackerApp */,
				EB30339E3027FE6000C38F2F /* TaskTrackerAppTests */,
				EB3033A83027FE6000C38F2F /* TaskTrackerAppUITests */,
				EB30338F3027FE5F00C38F2F /* Products */,
			);
			sourceTree = "<group>";
		};
		EB30338F3027FE5F00C38F2F /* Products */ = {
			isa = PBXGroup;
			children = (
				EB30338E3027FE5F00C38F2F /* TaskTrackerApp.app */,
				EB30339B3027FE6000C38F2F /* TaskTrackerAppTests.xctest */,
				EB3033A53027FE6000C38F2F /* TaskTrackerAppUITests.xctest */,
			);
			name = Products;
			sourceTree = "<group>";
		};
/* End PBXGroup section */

/* Begin PBXNativeTarget section */
		EB30338D3027FE5F00C38F2F /* TaskTrackerApp */ = {
			isa = PBXNativeTarget;
			buildConfigurationList = EB3033AF3027FE6000C38F2F /* Build configuration list for PBXNativeTarget "TaskTrackerApp" */;
			buildPhases = (
				EB30338A3027FE5F00C38F2F /* Sources */,
				EB30338B3027FE5F00C38F2F /* Frameworks */,
				EB30338C3027FE5F00C38F2F /* Resources */,
			);
			buildRules = (
			);
			dependencies = (
			);
			fileSystemSynchronizedGroups = (
				EB3033903027FE5F00C38F2F /* TaskTrackerApp */,
			);
			name = TaskTrackerApp;
			packageProductDependencies = (
			);
			productName = TaskTrackerApp;
			productReference = EB30338E3027FE5F00C38F2F /* TaskTrackerApp.app */;
			productType = "com.apple.product-type.application";
		};
		EB30339A3027FE6000C38F2F /* TaskTrackerAppTests */ = {
			isa = PBXNativeTarget;
			buildConfigurationList = EB3033B23027FE6000C38F2F /* Build configuration list for PBXNativeTarget "TaskTrackerAppTests" */;
			buildPhases = (
				EB3033973027FE6000C38F2F /* Sources */,
				EB3033983027FE6000C38F2F /* Frameworks */,
				EB3033993027FE6000C38F2F /* Resources */,
			);
			buildRules = (
			);
			dependencies = (
				EB30339D3027FE6000C38F2F /* PBXTargetDependency */,
			);
			fileSystemSynchronizedGroups = (
				EB30339E3027FE6000C38F2F /* TaskTrackerAppTests */,
			);
			name = TaskTrackerAppTests;
			packageProductDependencies = (
			);
			productName = TaskTrackerAppTests;
			productReference = EB30339B3027FE6000C38F2F /* TaskTrackerAppTests.xctest */;
			productType = "com.apple.product-type.bundle.unit-test";
		};
		EB3033A43027FE6000C38F2F /* TaskTrackerAppUITests */ = {
			isa = PBXNativeTarget;
			buildConfigurationList = EB3033B53027FE6000C38F2F /* Build configuration list for PBXNativeTarget "TaskTrackerAppUITests" */;
			buildPhases = (
				EB3033A13027FE6000C38F2F /* Sources */,
				EB3033A23027FE6000C38F2F /* Frameworks */,
				EB3033A33027FE6000C38F2F /* Resources */,
			);
			buildRules = (
			);
			dependencies = (
				EB3033A73027FE6000C38F2F /* PBXTargetDependency */,
			);
			fileSystemSynchronizedGroups = (
				EB3033A83027FE6000C38F2F /* TaskTrackerAppUITests */,
			);
			name = TaskTrackerAppUITests;
			packageProductDependencies = (
			);
			productName = TaskTrackerAppUITests;
			productReference = EB3033A53027FE6000C38F2F /* TaskTrackerAppUITests.xctest */;
			productType = "com.apple.product-type.bundle.ui-testing";
		};
/* End PBXNativeTarget section */

/* Begin PBXProject section */
		EB3033863027FE5F00C38F2F /* Project object */ = {
			isa = PBXProject;
			attributes = {
				BuildIndependentTargetsInParallel = 1;
				LastSwiftUpdateCheck = 2660;
				LastUpgradeCheck = 2660;
				TargetAttributes = {
					EB30338D3027FE5F00C38F2F = {
						CreatedOnToolsVersion = 26.6;
					};
					EB30339A3027FE6000C38F2F = {
						CreatedOnToolsVersion = 26.6;
						TestTargetID = EB30338D3027FE5F00C38F2F;
					};
					EB3033A43027FE6000C38F2F = {
						CreatedOnToolsVersion = 26.6;
						TestTargetID = EB30338D3027FE5F00C38F2F;
					};
				};
			};
			buildConfigurationList = EB3033893027FE5F00C38F2F /* Build configuration list for PBXProject "TaskTrackerApp" */;
			developmentRegion = en;
			hasScannedForEncodings = 0;
			knownRegions = (
				en,
				Base,
			);
			mainGroup = EB3033853027FE5F00C38F2F;
			minimizedProjectReferenceProxies = 1;
			preferredProjectObjectVersion = 77;
			productRefGroup = EB30338F3027FE5F00C38F2F /* Products */;
			projectDirPath = "";
			projectRoot = "";
			targets = (
				EB30338D3027FE5F00C38F2F /* TaskTrackerApp */,
				EB30339A3027FE6000C38F2F /* TaskTrackerAppTests */,
				EB3033A43027FE6000C38F2F /* TaskTrackerAppUITests */,
			);
		};
/* End PBXProject section */

/* Begin PBXResourcesBuildPhase section */
		EB30338C3027FE5F00C38F2F /* Resources */ = {
			isa = PBXResourcesBuildPhase;
			buildActionMask = 2147483647;
			files = (
			);
			runOnlyForDeploymentPostprocessing = 0;
		};
		EB3033993027FE6000C38F2F /* Resources */ = {
			isa = PBXResourcesBuildPhase;
			buildActionMask = 2147483647;
			files = (
			);
			runOnlyForDeploymentPostprocessing = 0;
		};
		EB3033A33027FE6000C38F2F /* Resources */ = {
			isa = PBXResourcesBuildPhase;
			buildActionMask = 2147483647;
			files = (
			);
			runOnlyForDeploymentPostprocessing = 0;
		};
/* End PBXResourcesBuildPhase section */

/* Begin PBXSourcesBuildPhase section */
		EB30338A3027FE5F00C38F2F /* Sources */ = {
			isa = PBXSourcesBuildPhase;
			buildActionMask = 2147483647;
			files = (
			);
			runOnlyForDeploymentPostprocessing = 0;
		};
		EB3033973027FE6000C38F2F /* Sources */ = {
			isa = PBXSourcesBuildPhase;
			buildActionMask = 2147483647;
			files = (
			);
			runOnlyForDeploymentPostprocessing = 0;
		};
		EB3033A13027FE6000C38F2F /* Sources */ = {
			isa = PBXSourcesBuildPhase;
			buildActionMask = 2147483647;
			files = (
			);
			runOnlyForDeploymentPostprocessing = 0;
		};
/* End PBXSourcesBuildPhase section */

/* Begin PBXTargetDependency section */
		EB30339D3027FE6000C38F2F /* PBXTargetDependency */ = {
			isa = PBXTargetDependency;
			target = EB30338D3027FE5F00C38F2F /* TaskTrackerApp */;
			targetProxy = EB30339C3027FE6000C38F2F /* PBXContainerItemProxy */;
		};
		EB3033A73027FE6000C38F2F /* PBXTargetDependency */ = {
			isa = PBXTargetDependency;
			target = EB30338D3027FE5F00C38F2F /* TaskTrackerApp */;
			targetProxy = EB3033A63027FE6000C38F2F /* PBXContainerItemProxy */;
		};
/* End PBXTargetDependency section */

/* Begin XCBuildConfiguration section */
		EB3033AD3027FE6000C38F2F /* Debug */ = {
			isa = XCBuildConfiguration;
			buildSettings = {
				ALWAYS_SEARCH_USER_PATHS = NO;
				ASSETCATALOG_COMPILER_GENERATE_SWIFT_ASSET_SYMBOL_EXTENSIONS = YES;
				CLANG_ANALYZER_NONNULL = YES;
				CLANG_ANALYZER_NUMBER_OBJECT_CONVERSION = YES_AGGRESSIVE;
				CLANG_CXX_LANGUAGE_STANDARD = "gnu++20";
				CLANG_ENABLE_MODULES = YES;
				CLANG_ENABLE_OBJC_ARC = YES;
				CLANG_ENABLE_OBJC_WEAK = YES;
				CLANG_WARN_BLOCK_CAPTURE_AUTORELEASING = YES;
				CLANG_WARN_BOOL_CONVERSION = YES;
				CLANG_WARN_COMMA = YES;
				CLANG_WARN_CONSTANT_CONVERSION = YES;
				CLANG_WARN_DEPRECATED_OBJC_IMPLEMENTATIONS = YES;
				CLANG_WARN_DIRECT_OBJC_ISA_USAGE = YES_ERROR;
				CLANG_WARN_DOCUMENTATION_COMMENTS = YES;
				CLANG_WARN_EMPTY_BODY = YES;
				CLANG_WARN_ENUM_CONVERSION = YES;
				CLANG_WARN_INFINITE_RECURSION = YES;
				CLANG_WARN_INT_CONVERSION = YES;
				CLANG_WARN_NON_LITERAL_NULL_CONVERSION = YES;
				CLANG_WARN_OBJC_IMPLICIT_RETAIN_SELF = YES;
				CLANG_WARN_OBJC_LITERAL_CONVERSION = YES;
				CLANG_WARN_OBJC_ROOT_CLASS = YES_ERROR;
				CLANG_WARN_QUOTED_INCLUDE_IN_FRAMEWORK_HEADER = YES;
				CLANG_WARN_RANGE_LOOP_ANALYSIS = YES;
				CLANG_WARN_STRICT_PROTOTYPES = YES;
				CLANG_WARN_SUSPICIOUS_MOVE = YES;
				CLANG_WARN_UNGUARDED_AVAILABILITY = YES_AGGRESSIVE;
				CLANG_WARN_UNREACHABLE_CODE = YES;
				CLANG_WARN__DUPLICATE_METHOD_MATCH = YES;
				COPY_PHASE_STRIP = NO;
				DEBUG_INFORMATION_FORMAT = dwarf;
				ENABLE_STRICT_OBJC_MSGSEND = YES;
				ENABLE_TESTABILITY = YES;
				ENABLE_USER_SCRIPT_SANDBOXING = YES;
				GCC_C_LANGUAGE_STANDARD = gnu17;
				GCC_DYNAMIC_NO_PIC = NO;
				GCC_NO_COMMON_BLOCKS = YES;
				GCC_OPTIMIZATION_LEVEL = 0;
				GCC_PREPROCESSOR_DEFINITIONS = (
					"DEBUG=1",
					"$(inherited)",
				);
				GCC_WARN_64_TO_32_BIT_CONVERSION = YES;
				GCC_WARN_ABOUT_RETURN_TYPE = YES_ERROR;
				GCC_WARN_UNDECLARED_SELECTOR = YES;
				GCC_WARN_UNINITIALIZED_AUTOS = YES_AGGRESSIVE;
				GCC_WARN_UNUSED_FUNCTION = YES;
				GCC_WARN_UNUSED_VARIABLE = YES;
				IPHONEOS_DEPLOYMENT_TARGET = 26.5;
				LOCALIZATION_PREFERS_STRING_CATALOGS = YES;
				MTL_ENABLE_DEBUG_INFO = INCLUDE_SOURCE;
				MTL_FAST_MATH = YES;
				ONLY_ACTIVE_ARCH = YES;
				SDKROOT = iphoneos;
				SWIFT_ACTIVE_COMPILATION_CONDITIONS = "DEBUG $(inherited)";
				SWIFT_OPTIMIZATION_LEVEL = "-Onone";
			};
			name = Debug;
		};
		EB3033AE3027FE6000C38F2F /* Release */ = {
			isa = XCBuildConfiguration;
			buildSettings = {
				ALWAYS_SEARCH_USER_PATHS = NO;
				ASSETCATALOG_COMPILER_GENERATE_SWIFT_ASSET_SYMBOL_EXTENSIONS = YES;
				CLANG_ANALYZER_NONNULL = YES;
				CLANG_ANALYZER_NUMBER_OBJECT_CONVERSION = YES_AGGRESSIVE;
				CLANG_CXX_LANGUAGE_STANDARD = "gnu++20";
				CLANG_ENABLE_MODULES = YES;
				CLANG_ENABLE_OBJC_ARC = YES;
				CLANG_ENABLE_OBJC_WEAK = YES;
				CLANG_WARN_BLOCK_CAPTURE_AUTORELEASING = YES;
				CLANG_WARN_BOOL_CONVERSION = YES;
				CLANG_WARN_COMMA = YES;
				CLANG_WARN_CONSTANT_CONVERSION = YES;
				CLANG_WARN_DEPRECATED_OBJC_IMPLEMENTATIONS = YES;
				CLANG_WARN_DIRECT_OBJC_ISA_USAGE = YES_ERROR;
				CLANG_WARN_DOCUMENTATION_COMMENTS = YES;
				CLANG_WARN_EMPTY_BODY = YES;
				CLANG_WARN_ENUM_CONVERSION = YES;
				CLANG_WARN_INFINITE_RECURSION = YES;
				CLANG_WARN_INT_CONVERSION = YES;
				CLANG_WARN_NON_LITERAL_NULL_CONVERSION = YES;
				CLANG_WARN_OBJC_IMPLICIT_RETAIN_SELF = YES;
				CLANG_WARN_OBJC_LITERAL_CONVERSION = YES;
				CLANG_WARN_OBJC_ROOT_CLASS = YES_ERROR;
				CLANG_WARN_QUOTED_INCLUDE_IN_FRAMEWORK_HEADER = YES;
				CLANG_WARN_RANGE_LOOP_ANALYSIS = YES;
				CLANG_WARN_STRICT_PROTOTYPES = YES;
				CLANG_WARN_SUSPICIOUS_MOVE = YES;
				CLANG_WARN_UNGUARDED_AVAILABILITY = YES_AGGRESSIVE;
				CLANG_WARN_UNREACHABLE_CODE = YES;
				CLANG_WARN__DUPLICATE_METHOD_MATCH = YES;
				COPY_PHASE_STRIP = NO;
				DEBUG_INFORMATION_FORMAT = "dwarf-with-dsym";
				ENABLE_NS_ASSERTIONS = NO;
				ENABLE_STRICT_OBJC_MSGSEND = YES;
				ENABLE_USER_SCRIPT_SANDBOXING = YES;
				GCC_C_LANGUAGE_STANDARD = gnu17;
				GCC_NO_COMMON_BLOCKS = YES;
				GCC_WARN_64_TO_32_BIT_CONVERSION = YES;
				GCC_WARN_ABOUT_RETURN_TYPE = YES_ERROR;
				GCC_WARN_UNDECLARED_SELECTOR = YES;
				GCC_WARN_UNINITIALIZED_AUTOS = YES_AGGRESSIVE;
				GCC_WARN_UNUSED_FUNCTION = YES;
				GCC_WARN_UNUSED_VARIABLE = YES;
				IPHONEOS_DEPLOYMENT_TARGET = 26.5;
				LOCALIZATION_PREFERS_STRING_CATALOGS = YES;
				MTL_ENABLE_DEBUG_INFO = NO;
				MTL_FAST_MATH = YES;
				SDKROOT = iphoneos;
				SWIFT_COMPILATION_MODE = wholemodule;
				VALIDATE_PRODUCT = YES;
			};
			name = Release;
		};
		EB3033B03027FE6000C38F2F /* Debug */ = {
			isa = XCBuildConfiguration;
			buildSettings = {
				ASSETCATALOG_COMPILER_APPICON_NAME = AppIcon;
				ASSETCATALOG_COMPILER_GLOBAL_ACCENT_COLOR_NAME = AccentColor;
				CODE_SIGN_STYLE = Automatic;
				CURRENT_PROJECT_VERSION = 1;
				ENABLE_PREVIEWS = YES;
				GENERATE_INFOPLIST_FILE = YES;
				INFOPLIST_KEY_UIApplicationSceneManifest_Generation = YES;
				INFOPLIST_KEY_UIApplicationSupportsIndirectInputEvents = YES;
				INFOPLIST_KEY_UILaunchScreen_Generation = YES;
				INFOPLIST_KEY_UISupportedInterfaceOrientations_iPad = "UIInterfaceOrientationPortrait UIInterfaceOrientationPortraitUpsideDown UIInterfaceOrientationLandscapeLeft UIInterfaceOrientationLandscapeRight";
				INFOPLIST_KEY_UISupportedInterfaceOrientations_iPhone = "UIInterfaceOrientationPortrait UIInterfaceOrientationLandscapeLeft UIInterfaceOrientationLandscapeRight";
				LD_RUNPATH_SEARCH_PATHS = (
					"$(inherited)",
					"@executable_path/Frameworks",
				);
				MARKETING_VERSION = 1.0;
				PRODUCT_BUNDLE_IDENTIFIER = taskTracker.TaskTrackerApp;
				PRODUCT_NAME = "$(TARGET_NAME)";
				STRING_CATALOG_GENERATE_SYMBOLS = YES;
				SWIFT_APPROACHABLE_CONCURRENCY = YES;
				SWIFT_DEFAULT_ACTOR_ISOLATION = MainActor;
				SWIFT_EMIT_LOC_STRINGS = YES;
				SWIFT_UPCOMING_FEATURE_MEMBER_IMPORT_VISIBILITY = YES;
				SWIFT_VERSION = 5.0;
				TARGETED_DEVICE_FAMILY = "1,2";
			};
			name = Debug;
		};
		EB3033B13027FE6000C38F2F /* Release */ = {
			isa = XCBuildConfiguration;
			buildSettings = {
				ASSETCATALOG_COMPILER_APPICON_NAME = AppIcon;
				ASSETCATALOG_COMPILER_GLOBAL_ACCENT_COLOR_NAME = AccentColor;
				CODE_SIGN_STYLE = Automatic;
				CURRENT_PROJECT_VERSION = 1;
				ENABLE_PREVIEWS = YES;
				GENERATE_INFOPLIST_FILE = YES;
				INFOPLIST_KEY_UIApplicationSceneManifest_Generation = YES;
				INFOPLIST_KEY_UIApplicationSupportsIndirectInputEvents = YES;
				INFOPLIST_KEY_UILaunchScreen_Generation = YES;
				INFOPLIST_KEY_UISupportedInterfaceOrientations_iPad = "UIInterfaceOrientationPortrait UIInterfaceOrientationPortraitUpsideDown UIInterfaceOrientationLandscapeLeft UIInterfaceOrientationLandscapeRight";
				INFOPLIST_KEY_UISupportedInterfaceOrientations_iPhone = "UIInterfaceOrientationPortrait UIInterfaceOrientationLandscapeLeft UIInterfaceOrientationLandscapeRight";
				LD_RUNPATH_SEARCH_PATHS = (
					"$(inherited)",
					"@executable_path/Frameworks",
				);
				MARKETING_VERSION = 1.0;
				PRODUCT_BUNDLE_IDENTIFIER = taskTracker.TaskTrackerApp;
				PRODUCT_NAME = "$(TARGET_NAME)";
				STRING_CATALOG_GENERATE_SYMBOLS = YES;
				SWIFT_APPROACHABLE_CONCURRENCY = YES;
				SWIFT_DEFAULT_ACTOR_ISOLATION = MainActor;
				SWIFT_EMIT_LOC_STRINGS = YES;
				SWIFT_UPCOMING_FEATURE_MEMBER_IMPORT_VISIBILITY = YES;
				SWIFT_VERSION = 5.0;
				TARGETED_DEVICE_FAMILY = "1,2";
			};
			name = Release;
		};
		EB3033B33027FE6000C38F2F /* Debug */ = {
			isa = XCBuildConfiguration;
			buildSettings = {
				BUNDLE_LOADER = "$(TEST_HOST)";
				CODE_SIGN_STYLE = Automatic;
				CURRENT_PROJECT_VERSION = 1;
				GENERATE_INFOPLIST_FILE = YES;
				IPHONEOS_DEPLOYMENT_TARGET = 26.5;
				MARKETING_VERSION = 1.0;
				PRODUCT_BUNDLE_IDENTIFIER = taskTracker.TaskTrackerAppTests;
				PRODUCT_NAME = "$(TARGET_NAME)";
				STRING_CATALOG_GENERATE_SYMBOLS = NO;
				SWIFT_APPROACHABLE_CONCURRENCY = YES;
				SWIFT_EMIT_LOC_STRINGS = NO;
				SWIFT_UPCOMING_FEATURE_MEMBER_IMPORT_VISIBILITY = YES;
				SWIFT_VERSION = 5.0;
				TARGETED_DEVICE_FAMILY = "1,2";
				TEST_HOST = "$(BUILT_PRODUCTS_DIR)/TaskTrackerApp.app/$(BUNDLE_EXECUTABLE_FOLDER_PATH)/TaskTrackerApp";
			};
			name = Debug;
		};
		EB3033B43027FE6000C38F2F /* Release */ = {
			isa = XCBuildConfiguration;
			buildSettings = {
				BUNDLE_LOADER = "$(TEST_HOST)";
				CODE_SIGN_STYLE = Automatic;
				CURRENT_PROJECT_VERSION = 1;
				GENERATE_INFOPLIST_FILE = YES;
				IPHONEOS_DEPLOYMENT_TARGET = 26.5;
				MARKETING_VERSION = 1.0;
				PRODUCT_BUNDLE_IDENTIFIER = taskTracker.TaskTrackerAppTests;
				PRODUCT_NAME = "$(TARGET_NAME)";
				STRING_CATALOG_GENERATE_SYMBOLS = NO;
				SWIFT_APPROACHABLE_CONCURRENCY = YES;
				SWIFT_EMIT_LOC_STRINGS = NO;
				SWIFT_UPCOMING_FEATURE_MEMBER_IMPORT_VISIBILITY = YES;
				SWIFT_VERSION = 5.0;
				TARGETED_DEVICE_FAMILY = "1,2";
				TEST_HOST = "$(BUILT_PRODUCTS_DIR)/TaskTrackerApp.app/$(BUNDLE_EXECUTABLE_FOLDER_PATH)/TaskTrackerApp";
			};
			name = Release;
		};
		EB3033B63027FE6000C38F2F /* Debug */ = {
			isa = XCBuildConfiguration;
			buildSettings = {
				CODE_SIGN_STYLE = Automatic;
				CURRENT_PROJECT_VERSION = 1;
				GENERATE_INFOPLIST_FILE = YES;
				MARKETING_VERSION = 1.0;
				PRODUCT_BUNDLE_IDENTIFIER = taskTracker.TaskTrackerAppUITests;
				PRODUCT_NAME = "$(TARGET_NAME)";
				STRING_CATALOG_GENERATE_SYMBOLS = NO;
				SWIFT_APPROACHABLE_CONCURRENCY = YES;
				SWIFT_EMIT_LOC_STRINGS = NO;
				SWIFT_UPCOMING_FEATURE_MEMBER_IMPORT_VISIBILITY = YES;
				SWIFT_VERSION = 5.0;
				TARGETED_DEVICE_FAMILY = "1,2";
				TEST_TARGET_NAME = TaskTrackerApp;
			};
			name = Debug;
		};
		EB3033B73027FE6000C38F2F /* Release */ = {
			isa = XCBuildConfiguration;
			buildSettings = {
				CODE_SIGN_STYLE = Automatic;
				CURRENT_PROJECT_VERSION = 1;
				GENERATE_INFOPLIST_FILE = YES;
				MARKETING_VERSION = 1.0;
				PRODUCT_BUNDLE_IDENTIFIER = taskTracker.TaskTrackerAppUITests;
				PRODUCT_NAME = "$(TARGET_NAME)";
				STRING_CATALOG_GENERATE_SYMBOLS = NO;
				SWIFT_APPROACHABLE_CONCURRENCY = YES;
				SWIFT_EMIT_LOC_STRINGS = NO;
				SWIFT_UPCOMING_FEATURE_MEMBER_IMPORT_VISIBILITY = YES;
				SWIFT_VERSION = 5.0;
				TARGETED_DEVICE_FAMILY = "1,2";
				TEST_TARGET_NAME = TaskTrackerApp;
			};
			name = Release;
		};
/* End XCBuildConfiguration section */

/* Begin XCConfigurationList section */
		EB3033893027FE5F00C38F2F /* Build configuration list for PBXProject "TaskTrackerApp" */ = {
			isa = XCConfigurationList;
			buildConfigurations = (
				EB3033AD3027FE6000C38F2F /* Debug */,
				EB3033AE3027FE6000C38F2F /* Release */,
			);
			defaultConfigurationIsVisible = 0;
			defaultConfigurationName = Release;
		};
		EB3033AF3027FE6000C38F2F /* Build configuration list for PBXNativeTarget "TaskTrackerApp" */ = {
			isa = XCConfigurationList;
			buildConfigurations = (
				EB3033B03027FE6000C38F2F /* Debug */,
				EB3033B13027FE6000C38F2F /* Release */,
			);
			defaultConfigurationIsVisible = 0;
			defaultConfigurationName = Release;
		};
		EB3033B23027FE6000C38F2F /* Build configuration list for PBXNativeTarget "TaskTrackerAppTests" */ = {
			isa = XCConfigurationList;
			buildConfigurations = (
				EB3033B33027FE6000C38F2F /* Debug */,
				EB3033B43027FE6000C38F2F /* Release */,
			);
			defaultConfigurationIsVisible = 0;
			defaultConfigurationName = Release;
		};
		EB3033B53027FE6000C38F2F /* Build configuration list for PBXNativeTarget "TaskTrackerAppUITests" */ = {
			isa = XCConfigurationList;
			buildConfigurations = (
				EB3033B63027FE6000C38F2F /* Debug */,
				EB3033B73027FE6000C38F2F /* Release */,
			);
			defaultConfigurationIsVisible = 0;
			defaultConfigurationName = Release;
		};
/* End XCConfigurationList section */
	};
	rootObject = EB3033863027FE5F00C38F2F /* Project object */;
}
